
Microsoft Visual Studio Solution File, Format Version 12.00
Project("{FAE04EC0-301F-11D3-BF4B-00C04F79EFBC}") = "DurableDemo", "DurableDemo\DurableDemo.csproj", "{BABB4EED-A413-406E-94AD-0800DC448B8D}"
EndProject
Project("{2150E333-8FDC-42A3-9474-1A3956D46DE8}") = "Http", "Http", "{9C7147C5-139A-462E-8C84-EEC6975B0399}"
	ProjectSection(SolutionItems) = preProject
		..\http\example1.http = ..\http\example1.http
		..\http\example2.http = ..\http\example2.http
		..\http\example3.http = ..\http\example3.http
		..\http\example4.http = ..\http\example4.http
	EndProjectSection
EndProject
Project("{2150E333-8FDC-42A3-9474-1A3956D46DE8}") = "docs", "docs", "{F9BA8A6B-137B-4820-BE42-6287EBAA786C}"
	ProjectSection(SolutionItems) = preProject
		..\docs\1.FunctionChaining.png = ..\docs\1.FunctionChaining.png
		..\docs\2.Status.png = ..\docs\2.Status.png
		..\docs\3.FanInFanOut.png = ..\docs\3.FanInFanOut.png
		..\docs\4.Interaction.png = ..\docs\4.Interaction.png
		..\docs\5.Monitor.png = ..\docs\5.Monitor.png
	EndProjectSection
EndProject
Project("{2150E333-8FDC-42A3-9474-1A3956D46DE8}") = "SolutionItems", "SolutionItems", "{4B5E2CF5-6A82-4336-8987-1FFF85CBB8FA}"
	ProjectSection(SolutionItems) = preProject
		global.json = global.json
	EndProjectSection
EndProject
Global
	GlobalSection(SolutionConfigurationPlatforms) = preSolution
		Debug|Any CPU = Debug|Any CPU
		Release|Any CPU = Release|Any CPU
	EndGlobalSection
	GlobalSection(ProjectConfigurationPlatforms) = postSolution
		{BABB4EED-A413-406E-94AD-0800DC448B8D}.Debug|Any CPU.ActiveCfg = Debug|Any CPU
		{BABB4EED-A413-406E-94AD-0800DC448B8D}.Debug|Any CPU.Build.0 = Debug|Any CPU
		{BABB4EED-A413-406E-94AD-0800DC448B8D}.Release|Any CPU.ActiveCfg = Release|Any CPU
		{BABB4EED-A413-406E-94AD-0800DC448B8D}.Release|Any CPU.Build.0 = Release|Any CPU
	EndGlobalSection
EndGlobal
